
Microsoft Visual Studio Solution File, Format Version 12.00
# Visual Studio Version 17
VisualStudioVersion = 17.10.35122.118
MinimumVisualStudioVersion = 10.0.40219.1
Project("{FAE04EC0-301F-11D3-BF4B-00C04F79EFBC}") = "MindboxTestTask", "MindboxTestTask\MindboxTestTask.csproj", "{46B2D715-89F6-4158-848F-C380437AFD81}"
EndProject
Project("{FAE04EC0-301F-11D3-BF4B-00C04F79EFBC}") = "MindboxTestTaskTests", "MindboxTestTaskTests\MindboxTestTaskTests.csproj", "{573638F8-E27B-4A17-92D2-E640D34FCE85}"
EndProject
Global
	GlobalSection(SolutionConfigurationPlatforms) = preSolution
		Debug|Any CPU = Debug|Any CPU
		Release|Any CPU = Release|Any CPU
	EndGlobalSection
	GlobalSection(ProjectConfigurationPlatforms) = postSolution
		{46B2D715-89F6-4158-848F-C380437AFD81}.Debug|Any CPU.ActiveCfg = Debug|Any CPU
		{46B2D715-89F6-4158-848F-C380437AFD81}.Debug|Any CPU.Build.0 = Debug|Any CPU
		{46B2D715-89F6-4158-848F-C380437AFD81}.Release|Any CPU.ActiveCfg = Release|Any CPU
		{46B2D715-89F6-4158-848F-C380437AFD81}.Release|Any CPU.Build.0 = Release|Any CPU
		{573638F8-E27B-4A17-92D2-E640D34FCE85}.Debug|Any CPU.ActiveCfg = Debug|Any CPU
		{573638F8-E27B-4A17-92D2-E640D34FCE85}.Debug|Any CPU.Build.0 = Debug|Any CPU
		{573638F8-E27B-4A17-92D2-E640D34FCE85}.Release|Any CPU.ActiveCfg = Release|Any CPU
		{573638F8-E27B-4A17-92D2-E640D34FCE85}.Release|Any CPU.Build.0 = Release|Any CPU
	EndGlobalSection
	GlobalSection(SolutionProperties) = preSolution
		HideSolutionNode = FALSE
	EndGlobalSection
	GlobalSection(ExtensibilityGlobals) = postSolution
		SolutionGuid = {1BE2DD87-44A5-43EE-86DA-FA12840A80C3}
	EndGlobalSection
EndGlobal
